// !$*UTF8*$!
{
	archiveVersion = 1;
	classes = {
	};
	objectVersion = 55;
	objects = {

/* Begin PBXBuildFile section */
		A237BB152827D61100CAEF9A /* CycQue.cpp in Sources */ = {isa = PBXBuildFile; fileRef = A237BB132827D61100CAEF9A /* CycQue.cpp */; };
		A237BB182828885900CAEF9A /* SeqStack.cpp in Sources */ = {isa = PBXBuildFile; fileRef = A237BB162828885900CAEF9A /* SeqStack.cpp */; };
		A237BB1B2828887A00CAEF9A /* LkStack.cpp in Sources */ = {isa = PBXBuildFile; fileRef = A237BB192828887A00CAEF9A /* LkStack.cpp */; };
		A237BB1E2829CEF500CAEF9A /* BtreeStackVisit.cpp in Sources */ = {isa = PBXBuildFile; fileRef = A237BB1C2829CEF500CAEF9A /* BtreeStackVisit.cpp */; };
		A2D38CE82827353500F4DE03 /* main.cpp in Sources */ = {isa = PBXBuildFile; fileRef = A2D38CE72827353500F4DE03 /* main.cpp */; };
		A2D38CF02827380100F4DE03 /* BtreeNode.cpp in Sources */ = {isa = PBXBuildFile; fileRef = A2D38CEE2827380100F4DE03 /* BtreeNode.cpp */; };
		A2D38CF328274B9B00F4DE03 /* BtreeVisit.cpp in Sources */ = {isa = PBXBuildFile; fileRef = A2D38CF128274B9B00F4DE03 /* BtreeVisit.cpp */; };
/* End PBXBuildFile section */

/* Begin PBXCopyFilesBuildPhase section */
		A2D38CE22827353500F4DE03 /* CopyFiles */ = {
			isa = PBXCopyFilesBuildPhase;
			buildActionMask = 2147483647;
			dstPath = /usr/share/man/man1/;
			dstSubfolderSpec = 0;
			files = (
			);
			runOnlyForDeploymentPostprocessing = 1;
		};
/* End PBXCopyFilesBuildPhase section */

/* Begin PBXFileReference section */
		A237BB132827D61100CAEF9A /* CycQue.cpp */ = {isa = PBXFileReference; lastKnownFileType = sourcecode.cpp.cpp; path = CycQue.cpp; sourceTree = "<group>"; };
		A237BB142827D61100CAEF9A /* CycQue.hpp */ = {isa = PBXFileReference; lastKnownFileType = sourcecode.cpp.h; path = CycQue.hpp; sourceTree = "<group>"; };
		A237BB162828885900CAEF9A /* SeqStack.cpp */ = {isa = PBXFileReference; lastKnownFileType = sourcecode.cpp.cpp; path = SeqStack.cpp; sourceTree = "<group>"; };
		A237BB172828885900CAEF9A /* SeqStack.hpp */ = {isa = PBXFileReference; lastKnownFileType = sourcecode.cpp.h; path = SeqStack.hpp; sourceTree = "<group>"; };
		A237BB192828887A00CAEF9A /* LkStack.cpp */ = {isa = PBXFileReference; lastKnownFileType = sourcecode.cpp.cpp; path = LkStack.cpp; sourceTree = "<group>"; };
		A237BB1A2828887A00CAEF9A /* LkStack.hpp */ = {isa = PBXFileReference; lastKnownFileType = sourcecode.cpp.h; path = LkStack.hpp; sourceTree = "<group>"; };
		A237BB1C2829CEF500CAEF9A /* BtreeStackVisit.cpp */ = {isa = PBXFileReference; lastKnownFileType = sourcecode.cpp.cpp; path = BtreeStackVisit.cpp; sourceTree = "<group>"; };
		A237BB1D2829CEF500CAEF9A /* BtreeStackVisit.hpp */ = {isa = PBXFileReference; lastKnownFileType = sourcecode.cpp.h; path = BtreeStackVisit.hpp; sourceTree = "<group>"; };
		A2D38CE42827353500F4DE03 /* data_struct */ = {isa = PBXFileReference; explicitFileType = "compiled.mach-o.executable"; includeInIndex = 0; path = data_struct; sourceTree = BUILT_PRODUCTS_DIR; };
		A2D38CE72827353500F4DE03 /* main.cpp */ = {isa = PBXFileReference; lastKnownFileType = sourcecode.cpp.cpp; path = main.cpp; sourceTree = "<group>"; };
		A2D38CEE2827380100F4DE03 /* BtreeNode.cpp */ = {isa = PBXFileReference; lastKnownFileType = sourcecode.cpp.cpp; path = BtreeNode.cpp; sourceTree = "<group>"; };
		A2D38CEF2827380100F4DE03 /* BtreeNode.hpp */ = {isa = PBXFileReference; lastKnownFileType = sourcecode.cpp.h; path = BtreeNode.hpp; sourceTree = "<group>"; };
		A2D38CF128274B9B00F4DE03 /* BtreeVisit.cpp */ = {isa = PBXFileReference; lastKnownFileType = sourcecode.cpp.cpp; path = BtreeVisit.cpp; sourceTree = "<group>"; };
		A2D38CF228274B9B00F4DE03 /* BtreeVisit.hpp */ = {isa = PBXFileReference; lastKnownFileType = sourcecode.cpp.h; path = BtreeVisit.hpp; sourceTree = "<group>"; };
/* End PBXFileReference section */

/* Begin PBXFrameworksBuildPhase section */
		A2D38CE12827353500F4DE03 /* Frameworks */ = {
			isa = PBXFrameworksBuildPhase;
			buildActionMask = 2147483647;
			files = (
			);
			runOnlyForDeploymentPostprocessing = 0;
		};
/* End PBXFrameworksBuildPhase section */

/* Begin PBXGroup section */
		A2D38CDB2827353500F4DE03 = {
			isa = PBXGroup;
			children = (
				A2D38CE62827353500F4DE03 /* data_struct */,
				A2D38CE52827353500F4DE03 /* Products */,
			);
			sourceTree = "<group>";
		};
		A2D38CE52827353500F4DE03 /* Products */ = {
			isa = PBXGroup;
			children = (
				A2D38CE42827353500F4DE03 /* data_struct */,
			);
			name = Products;
			sourceTree = "<group>";
		};
		A2D38CE62827353500F4DE03 /* data_struct */ = {
			isa = PBXGroup;
			children = (
				A2D38CE72827353500F4DE03 /* main.cpp */,
				A2D38CEE2827380100F4DE03 /* BtreeNode.cpp */,
				A2D38CEF2827380100F4DE03 /* BtreeNode.hpp */,
				A2D38CF128274B9B00F4DE03 /* BtreeVisit.cpp */,
				A2D38CF228274B9B00F4DE03 /* BtreeVisit.hpp */,
				A237BB1C2829CEF500CAEF9A /* BtreeStackVisit.cpp */,
				A237BB1D2829CEF500CAEF9A /* BtreeStackVisit.hpp */,
				A237BB132827D61100CAEF9A /* CycQue.cpp */,
				A237BB142827D61100CAEF9A /* CycQue.hpp */,
				A237BB162828885900CAEF9A /* SeqStack.cpp */,
				A237BB192828887A00CAEF9A /* LkStack.cpp */,
				A237BB1A2828887A00CAEF9A /* LkStack.hpp */,
				A237BB172828885900CAEF9A /* SeqStack.hpp */,
			);
			path = data_struct;
			sourceTree = "<group>";
		};
/* End PBXGroup section */

/* Begin PBXNativeTarget section */
		A2D38CE32827353500F4DE03 /* data_struct */ = {
			isa = PBXNativeTarget;
			buildConfigurationList = A2D38CEB2827353500F4DE03 /* Build configuration list for PBXNativeTarget "data_struct" */;
			buildPhases = (
				A2D38CE02827353500F4DE03 /* Sources */,
				A2D38CE12827353500F4DE03 /* Frameworks */,
				A2D38CE22827353500F4DE03 /* CopyFiles */,
			);
			buildRules = (
			);
			dependencies = (
			);
			name = data_struct;
			productName = data_struct;
			productReference = A2D38CE42827353500F4DE03 /* data_struct */;
			productType = "com.apple.product-type.tool";
		};
/* End PBXNativeTarget section */

/* Begin PBXProject section */
		A2D38CDC2827353500F4DE03 /* Project object */ = {
			isa = PBXProject;
			attributes = {
				BuildIndependentTargetsInParallel = 1;
				LastUpgradeCheck = 1330;
				TargetAttributes = {
					A2D38CE32827353500F4DE03 = {
						CreatedOnToolsVersion = 13.3.1;
					};
				};
			};
			buildConfigurationList = A2D38CDF2827353500F4DE03 /* Build configuration list for PBXProject "data_struct" */;
			compatibilityVersion = "Xcode 13.0";
			developmentRegion = en;
			hasScannedForEncodings = 0;
			knownRegions = (
				en,
				Base,
			);
			mainGroup = A2D38CDB2827353500F4DE03;
			productRefGroup = A2D38CE52827353500F4DE03 /* Products */;
			projectDirPath = "";
			projectRoot = "";
			targets = (
				A2D38CE32827353500F4DE03 /* data_struct */,
			);
		};
/* End PBXProject section */

/* Begin PBXSourcesBuildPhase section */
		A2D38CE02827353500F4DE03 /* Sources */ = {
			isa = PBXSourcesBuildPhase;
			buildActionMask = 2147483647;
			files = (
				A2D38CF02827380100F4DE03 /* BtreeNode.cpp in Sources */,
				A237BB1B2828887A00CAEF9A /* LkStack.cpp in Sources */,
				A237BB152827D61100CAEF9A /* CycQue.cpp in Sources */,
				A2D38CE82827353500F4DE03 /* main.cpp in Sources */,
				A237BB1E2829CEF500CAEF9A /* BtreeStackVisit.cpp in Sources */,
				A237BB182828885900CAEF9A /* SeqStack.cpp in Sources */,
				A2D38CF328274B9B00F4DE03 /* BtreeVisit.cpp in Sources */,
			);
			runOnlyForDeploymentPostprocessing = 0;
		};
/* End PBXSourcesBuildPhase section */

/* Begin XCBuildConfiguration section */
		A2D38CE92827353500F4DE03 /* Debug */ = {
			isa = XCBuildConfiguration;
			buildSettings = {
				ALWAYS_SEARCH_USER_PATHS = NO;
				CLANG_ANALYZER_NONNULL = YES;
				CLANG_ANALYZER_NUMBER_OBJECT_CONVERSION = YES_AGGRESSIVE;
				CLANG_CXX_LANGUAGE_STANDARD = "gnu++17";
				CLANG_ENABLE_MODULES = YES;
				CLANG_ENABLE_OBJC_ARC = YES;
				CLANG_ENABLE_OBJC_WEAK = YES;
				CLANG_WARN_BLOCK_CAPTURE_AUTORELEASING = YES;
				CLANG_WARN_BOOL_CONVERSION = YES;
				CLANG_WARN_COMMA = YES;
				CLANG_WARN_CONSTANT_CONVERSION = YES;
				CLANG_WARN_DEPRECATED_OBJC_IMPLEMENTATIONS = YES;
				CLANG_WARN_DIRECT_OBJC_ISA_USAGE = YES_ERROR;
				CLANG_WARN_DOCUMENTATION_COMMENTS = YES;
				CLANG_WARN_EMPTY_BODY = YES;
				CLANG_WARN_ENUM_CONVERSION = YES;
				CLANG_WARN_INFINITE_RECURSION = YES;
				CLANG_WARN_INT_CONVERSION = YES;
				CLANG_WARN_NON_LITERAL_NULL_CONVERSION = YES;
				CLANG_WARN_OBJC_IMPLICIT_RETAIN_SELF = YES;
				CLANG_WARN_OBJC_LITERAL_CONVERSION = YES;
				CLANG_WARN_OBJC_ROOT_CLASS = YES_ERROR;
				CLANG_WARN_QUOTED_INCLUDE_IN_FRAMEWORK_HEADER = YES;
				CLANG_WARN_RANGE_LOOP_ANALYSIS = YES;
				CLANG_WARN_STRICT_PROTOTYPES = YES;
				CLANG_WARN_SUSPICIOUS_MOVE = YES;
				CLANG_WARN_UNGUARDED_AVAILABILITY = YES_AGGRESSIVE;
				CLANG_WARN_UNREACHABLE_CODE = YES;
				CLANG_WARN__DUPLICATE_METHOD_MATCH = YES;
				COPY_PHASE_STRIP = NO;
				DEBUG_INFORMATION_FORMAT = dwarf;
				ENABLE_STRICT_OBJC_MSGSEND = YES;
				ENABLE_TESTABILITY = YES;
				GCC_C_LANGUAGE_STANDARD = gnu11;
				GCC_DYNAMIC_NO_PIC = NO;
				GCC_NO_COMMON_BLOCKS = YES;
				GCC_OPTIMIZATION_LEVEL = 0;
				GCC_PREPROCESSOR_DEFINITIONS = (
					"DEBUG=1",
					"$(inherited)",
				);
				GCC_WARN_64_TO_32_BIT_CONVERSION = YES;
				GCC_WARN_ABOUT_RETURN_TYPE = YES_ERROR;
				GCC_WARN_UNDECLARED_SELECTOR = YES;
				GCC_WARN_UNINITIALIZED_AUTOS = YES_AGGRESSIVE;
				GCC_WARN_UNUSED_FUNCTION = YES;
				GCC_WARN_UNUSED_VARIABLE = YES;
				MACOSX_DEPLOYMENT_TARGET = 12.3;
				MTL_ENABLE_DEBUG_INFO = INCLUDE_SOURCE;
				MTL_FAST_MATH = YES;
				ONLY_ACTIVE_ARCH = YES;
				SDKROOT = macosx;
			};
			name = Debug;
		};
		A2D38CEA2827353500F4DE03 /* Release */ = {
			isa = XCBuildConfiguration;
			buildSettings = {
				ALWAYS_SEARCH_USER_PATHS = NO;
				CLANG_ANALYZER_NONNULL = YES;
				CLANG_ANALYZER_NUMBER_OBJECT_CONVERSION = YES_AGGRESSIVE;
				CLANG_CXX_LANGUAGE_STANDARD = "gnu++17";
				CLANG_ENABLE_MODULES = YES;
				CLANG_ENABLE_OBJC_ARC = YES;
				CLANG_ENABLE_OBJC_WEAK = YES;
				CLANG_WARN_BLOCK_CAPTURE_AUTORELEASING = YES;
				CLANG_WARN_BOOL_CONVERSION = YES;
				CLANG_WARN_COMMA = YES;
				CLANG_WARN_CONSTANT_CONVERSION = YES;
				CLANG_WARN_DEPRECATED_OBJC_IMPLEMENTATIONS = YES;
				CLANG_WARN_DIRECT_OBJC_ISA_USAGE = YES_ERROR;
				CLANG_WARN_DOCUMENTATION_COMMENTS = YES;
				CLANG_WARN_EMPTY_BODY = YES;
				CLANG_WARN_ENUM_CONVERSION = YES;
				CLANG_WARN_INFINITE_RECURSION = YES;
				CLANG_WARN_INT_CONVERSION = YES;
				CLANG_WARN_NON_LITERAL_NULL_CONVERSION = YES;
				CLANG_WARN_OBJC_IMPLICIT_RETAIN_SELF = YES;
				CLANG_WARN_OBJC_LITERAL_CONVERSION = YES;
				CLANG_WARN_OBJC_ROOT_CLASS = YES_ERROR;
				CLANG_WARN_QUOTED_INCLUDE_IN_FRAMEWORK_HEADER = YES;
				CLANG_WARN_RANGE_LOOP_ANALYSIS = YES;
				CLANG_WARN_STRICT_PROTOTYPES = YES;
				CLANG_WARN_SUSPICIOUS_MOVE = YES;
				CLANG_WARN_UNGUARDED_AVAILABILITY = YES_AGGRESSIVE;
				CLANG_WARN_UNREACHABLE_CODE = YES;
				CLANG_WARN__DUPLICATE_METHOD_MATCH = YES;
				COPY_PHASE_STRIP = NO;
				DEBUG_INFORMATION_FORMAT = "dwarf-with-dsym";
				ENABLE_NS_ASSERTIONS = NO;
				ENABLE_STRICT_OBJC_MSGSEND = YES;
				GCC_C_LANGUAGE_STANDARD = gnu11;
				GCC_NO_COMMON_BLOCKS = YES;
				GCC_WARN_64_TO_32_BIT_CONVERSION = YES;
				GCC_WARN_ABOUT_RETURN_TYPE = YES_ERROR;
				GCC_WARN_UNDECLARED_SELECTOR = YES;
				GCC_WARN_UNINITIALIZED_AUTOS = YES_AGGRESSIVE;
				GCC_WARN_UNUSED_FUNCTION = YES;
				GCC_WARN_UNUSED_VARIABLE = YES;
				MACOSX_DEPLOYMENT_TARGET = 12.3;
				MTL_ENABLE_DEBUG_INFO = NO;
				MTL_FAST_MATH = YES;
				SDKROOT = macosx;
			};
			name = Release;
		};
		A2D38CEC2827353500F4DE03 /* Debug */ = {
			isa = XCBuildConfiguration;
			buildSettings = {
				CODE_SIGN_STYLE = Automatic;
				PRODUCT_NAME = "$(TARGET_NAME)";
			};
			name = Debug;
		};
		A2D38CED2827353500F4DE03 /* Release */ = {
			isa = XCBuildConfiguration;
			buildSettings = {
				CODE_SIGN_STYLE = Automatic;
				PRODUCT_NAME = "$(TARGET_NAME)";
			};
			name = Release;
		};
/* End XCBuildConfiguration section */

/* Begin XCConfigurationList section */
		A2D38CDF2827353500F4DE03 /* Build configuration list for PBXProject "data_struct" */ = {
			isa = XCConfigurationList;
			buildConfigurations = (
				A2D38CE92827353500F4DE03 /* Debug */,
				A2D38CEA2827353500F4DE03 /* Release */,
			);
			defaultConfigurationIsVisible = 0;
			defaultConfigurationName = Release;
		};
		A2D38CEB2827353500F4DE03 /* Build configuration list for PBXNativeTarget "data_struct" */ = {
			isa = XCConfigurationList;
			buildConfigurations = (
				A2D38CEC2827353500F4DE03 /* Debug */,
				A2D38CED2827353500F4DE03 /* Release */,
			);
			defaultConfigurationIsVisible = 0;
			defaultConfigurationName = Release;
		};
/* End XCConfigurationList section */
	};
	rootObject = A2D38CDC2827353500F4DE03 /* Project object */;
}
